// !$*UTF8*$!
{
	archiveVersion = 1;
	classes = {
	};
	objectVersion = 55;
	objects = {

/* Begin PBXBuildFile section */
		42B1EA2D281AB2DF00836A74 /* main.cpp in Sources */ = {isa = PBXBuildFile; fileRef = 42B1EA23281AB2DF00836A74 /* main.cpp */; };
		42B1EA2E281AB2DF00836A74 /* input.cpp in Sources */ = {isa = PBXBuildFile; fileRef = 42B1EA26281AB2DF00836A74 /* input.cpp */; };
		42B1EA2F281AB2DF00836A74 /* image.cpp in Sources */ = {isa = PBXBuildFile; fileRef = 42B1EA27281AB2DF00836A74 /* image.cpp */; };
		42B1EA30281AB2DF00836A74 /* init_sdl.cpp in Sources */ = {isa = PBXBuildFile; fileRef = 42B1EA29281AB2DF00836A74 /* init_sdl.cpp */; };
		6C34625828EBA42600D3D307 /* libSDL2-2.0.0.dylib in Frameworks */ = {isa = PBXBuildFile; fileRef = 6C34625728EBA42600D3D307 /* libSDL2-2.0.0.dylib */; };
		6C34625D28EBA59200D3D307 /* libSDL2_image-2.0.0.dylib in Frameworks */ = {isa = PBXBuildFile; fileRef = 6C34625C28EBA59200D3D307 /* libSDL2_image-2.0.0.dylib */; };
		6C89D4C7290656DA00FC1038 /* box.cpp in Sources */ = {isa = PBXBuildFile; fileRef = 6C89D4C5290656DA00FC1038 /* box.cpp */; };
		6C89D4CF290F600A00FC1038 /* libSDL2_mixer-2.0.0.dylib in Frameworks */ = {isa = PBXBuildFile; fileRef = 6C89D4CE290F600A00FC1038 /* libSDL2_mixer-2.0.0.dylib */; };
		6C89D4D2290F606800FC1038 /* sound.cpp in Sources */ = {isa = PBXBuildFile; fileRef = 6C89D4D1290F606800FC1038 /* sound.cpp */; };
		6C89D4D5291830E500FC1038 /* save_tool.cpp in Sources */ = {isa = PBXBuildFile; fileRef = 6C89D4D4291830E500FC1038 /* save_tool.cpp */; settings = {COMPILER_FLAGS = "-ljsoncpp"; }; };
		6CB1824F29005BE8007FF0C5 /* sprite.cpp in Sources */ = {isa = PBXBuildFile; fileRef = 6CB1824629005BE7007FF0C5 /* sprite.cpp */; };
		6CB1825029005BE8007FF0C5 /* vector.cpp in Sources */ = {isa = PBXBuildFile; fileRef = 6CB1824829005BE7007FF0C5 /* vector.cpp */; };
		6CB1825129005BE8007FF0C5 /* movement.cpp in Sources */ = {isa = PBXBuildFile; fileRef = 6CB1824B29005BE8007FF0C5 /* movement.cpp */; };
		6CB1825229005BE8007FF0C5 /* texture.cpp in Sources */ = {isa = PBXBuildFile; fileRef = 6CB1824C29005BE8007FF0C5 /* texture.cpp */; };
		6CB1825329005BE8007FF0C5 /* player.cpp in Sources */ = {isa = PBXBuildFile; fileRef = 6CB1824D29005BE8007FF0C5 /* player.cpp */; };
/* End PBXBuildFile section */

/* Begin PBXCopyFilesBuildPhase section */
		42B1EA04281AB11000836A74 /* CopyFiles */ = {
			isa = PBXCopyFilesBuildPhase;
			buildActionMask = 2147483647;
			dstPath = /usr/share/man/man1/;
			dstSubfolderSpec = 0;
			files = (
			);
			runOnlyForDeploymentPostprocessing = 1;
		};
/* End PBXCopyFilesBuildPhase section */

/* Begin PBXFileReference section */
		42B1EA06281AB11000836A74 /* project_week_1 */ = {isa = PBXFileReference; explicitFileType = "compiled.mach-o.executable"; includeInIndex = 0; path = project_week_1; sourceTree = BUILT_PRODUCTS_DIR; };
		42B1EA23281AB2DF00836A74 /* main.cpp */ = {isa = PBXFileReference; fileEncoding = 4; lastKnownFileType = sourcecode.cpp.cpp; path = main.cpp; sourceTree = "<group>"; };
		42B1EA25281AB2DF00836A74 /* info.hpp */ = {isa = PBXFileReference; fileEncoding = 4; lastKnownFileType = sourcecode.cpp.h; path = info.hpp; sourceTree = "<group>"; };
		42B1EA26281AB2DF00836A74 /* input.cpp */ = {isa = PBXFileReference; fileEncoding = 4; lastKnownFileType = sourcecode.cpp.cpp; path = input.cpp; sourceTree = "<group>"; };
		42B1EA27281AB2DF00836A74 /* image.cpp */ = {isa = PBXFileReference; fileEncoding = 4; lastKnownFileType = sourcecode.cpp.cpp; path = image.cpp; sourceTree = "<group>"; };
		42B1EA28281AB2DF00836A74 /* init_sdl.hpp */ = {isa = PBXFileReference; fileEncoding = 4; lastKnownFileType = sourcecode.cpp.h; path = init_sdl.hpp; sourceTree = "<group>"; };
		42B1EA29281AB2DF00836A74 /* init_sdl.cpp */ = {isa = PBXFileReference; fileEncoding = 4; lastKnownFileType = sourcecode.cpp.cpp; path = init_sdl.cpp; sourceTree = "<group>"; };
		42B1EA2A281AB2DF00836A74 /* input.hpp */ = {isa = PBXFileReference; fileEncoding = 4; lastKnownFileType = sourcecode.cpp.h; path = input.hpp; sourceTree = "<group>"; };
		42B1EA2B281AB2DF00836A74 /* image.hpp */ = {isa = PBXFileReference; fileEncoding = 4; lastKnownFileType = sourcecode.cpp.h; path = image.hpp; sourceTree = "<group>"; };
		42B1EA2C281AB2DF00836A74 /* preprocessor.h */ = {isa = PBXFileReference; fileEncoding = 4; lastKnownFileType = sourcecode.c.h; path = preprocessor.h; sourceTree = "<group>"; };
		6C34625728EBA42600D3D307 /* libSDL2-2.0.0.dylib */ = {isa = PBXFileReference; lastKnownFileType = "compiled.mach-o.dylib"; path = "libSDL2-2.0.0.dylib"; sourceTree = "<group>"; };
		6C34625C28EBA59200D3D307 /* libSDL2_image-2.0.0.dylib */ = {isa = PBXFileReference; lastKnownFileType = "compiled.mach-o.dylib"; path = "libSDL2_image-2.0.0.dylib"; sourceTree = "<group>"; };
		6C34625E28EBA5D400D3D307 /* resources */ = {isa = PBXFileReference; lastKnownFileType = folder; path = resources; sourceTree = "<group>"; };
		6C89D4C5290656DA00FC1038 /* box.cpp */ = {isa = PBXFileReference; fileEncoding = 4; lastKnownFileType = sourcecode.cpp.cpp; path = box.cpp; sourceTree = "<group>"; };
		6C89D4C6290656DA00FC1038 /* box.hpp */ = {isa = PBXFileReference; fileEncoding = 4; lastKnownFileType = sourcecode.cpp.h; path = box.hpp; sourceTree = "<group>"; };
		6C89D4CE290F600A00FC1038 /* libSDL2_mixer-2.0.0.dylib */ = {isa = PBXFileReference; lastKnownFileType = "compiled.mach-o.dylib"; path = "libSDL2_mixer-2.0.0.dylib"; sourceTree = "<group>"; };
		6C89D4D0290F606800FC1038 /* sound.hpp */ = {isa = PBXFileReference; fileEncoding = 4; lastKnownFileType = sourcecode.cpp.h; path = sound.hpp; sourceTree = "<group>"; };
		6C89D4D1290F606800FC1038 /* sound.cpp */ = {isa = PBXFileReference; fileEncoding = 4; lastKnownFileType = sourcecode.cpp.cpp; path = sound.cpp; sourceTree = "<group>"; };
		6C89D4D3291830E500FC1038 /* save_tool.hpp */ = {isa = PBXFileReference; fileEncoding = 4; lastKnownFileType = sourcecode.cpp.h; path = save_tool.hpp; sourceTree = "<group>"; };
		6C89D4D4291830E500FC1038 /* save_tool.cpp */ = {isa = PBXFileReference; fileEncoding = 4; lastKnownFileType = sourcecode.cpp.cpp; path = save_tool.cpp; sourceTree = "<group>"; };
		6C89D4D729199F2900FC1038 /* dist */ = {isa = PBXFileReference; lastKnownFileType = folder; path = dist; sourceTree = "<group>"; };
		6CB1824529005BE7007FF0C5 /* player.hpp */ = {isa = PBXFileReference; fileEncoding = 4; lastKnownFileType = sourcecode.cpp.h; path = player.hpp; sourceTree = "<group>"; };
		6CB1824629005BE7007FF0C5 /* sprite.cpp */ = {isa = PBXFileReference; fileEncoding = 4; lastKnownFileType = sourcecode.cpp.cpp; path = sprite.cpp; sourceTree = "<group>"; };
		6CB1824729005BE7007FF0C5 /* texture.hpp */ = {isa = PBXFileReference; fileEncoding = 4; lastKnownFileType = sourcecode.cpp.h; path = texture.hpp; sourceTree = "<group>"; };
		6CB1824829005BE7007FF0C5 /* vector.cpp */ = {isa = PBXFileReference; fileEncoding = 4; lastKnownFileType = sourcecode.cpp.cpp; path = vector.cpp; sourceTree = "<group>"; };
		6CB1824929005BE8007FF0C5 /* vector.hpp */ = {isa = PBXFileReference; fileEncoding = 4; lastKnownFileType = sourcecode.cpp.h; path = vector.hpp; sourceTree = "<group>"; };
		6CB1824A29005BE8007FF0C5 /* movement.hpp */ = {isa = PBXFileReference; fileEncoding = 4; lastKnownFileType = sourcecode.cpp.h; path = movement.hpp; sourceTree = "<group>"; };
		6CB1824B29005BE8007FF0C5 /* movement.cpp */ = {isa = PBXFileReference; fileEncoding = 4; lastKnownFileType = sourcecode.cpp.cpp; path = movement.cpp; sourceTree = "<group>"; };
		6CB1824C29005BE8007FF0C5 /* texture.cpp */ = {isa = PBXFileReference; fileEncoding = 4; lastKnownFileType = sourcecode.cpp.cpp; path = texture.cpp; sourceTree = "<group>"; };
		6CB1824D29005BE8007FF0C5 /* player.cpp */ = {isa = PBXFileReference; fileEncoding = 4; lastKnownFileType = sourcecode.cpp.cpp; path = player.cpp; sourceTree = "<group>"; };
		6CB1824E29005BE8007FF0C5 /* sprite.hpp */ = {isa = PBXFileReference; fileEncoding = 4; lastKnownFileType = sourcecode.cpp.h; path = sprite.hpp; sourceTree = "<group>"; };
/* End PBXFileReference section */

/* Begin PBXFrameworksBuildPhase section */
		42B1EA03281AB11000836A74 /* Frameworks */ = {
			isa = PBXFrameworksBuildPhase;
			buildActionMask = 2147483647;
			files = (
				6C34625D28EBA59200D3D307 /* libSDL2_image-2.0.0.dylib in Frameworks */,
				6C34625828EBA42600D3D307 /* libSDL2-2.0.0.dylib in Frameworks */,
				6C89D4CF290F600A00FC1038 /* libSDL2_mixer-2.0.0.dylib in Frameworks */,
			);
			runOnlyForDeploymentPostprocessing = 0;
		};
/* End PBXFrameworksBuildPhase section */

/* Begin PBXGroup section */
		42B1E9FD281AB11000836A74 = {
			isa = PBXGroup;
			children = (
				6C34625E28EBA5D400D3D307 /* resources */,
				42B1EA23281AB2DF00836A74 /* main.cpp */,
				42B1EA24281AB2DF00836A74 /* src */,
				42B1EA07281AB11000836A74 /* Products */,
				42B1EA1E281AB14C00836A74 /* Frameworks */,
			);
			sourceTree = "<group>";
		};
		42B1EA07281AB11000836A74 /* Products */ = {
			isa = PBXGroup;
			children = (
				42B1EA06281AB11000836A74 /* project_week_1 */,
			);
			name = Products;
			sourceTree = "<group>";
		};
		42B1EA1E281AB14C00836A74 /* Frameworks */ = {
			isa = PBXGroup;
			children = (
				6C89D4CE290F600A00FC1038 /* libSDL2_mixer-2.0.0.dylib */,
				6C34625C28EBA59200D3D307 /* libSDL2_image-2.0.0.dylib */,
				6C34625728EBA42600D3D307 /* libSDL2-2.0.0.dylib */,
			);
			name = Frameworks;
			path = ../../../../../usr/local/lib;
			sourceTree = "<group>";
		};
		42B1EA24281AB2DF00836A74 /* src */ = {
			isa = PBXGroup;
			children = (
				6C89D4D729199F2900FC1038 /* dist */,
				6C89D4D4291830E500FC1038 /* save_tool.cpp */,
				6C89D4D3291830E500FC1038 /* save_tool.hpp */,
				6C89D4D1290F606800FC1038 /* sound.cpp */,
				6C89D4D0290F606800FC1038 /* sound.hpp */,
				6C89D4C5290656DA00FC1038 /* box.cpp */,
				6C89D4C6290656DA00FC1038 /* box.hpp */,
				6CB1824B29005BE8007FF0C5 /* movement.cpp */,
				6CB1824A29005BE8007FF0C5 /* movement.hpp */,
				6CB1824D29005BE8007FF0C5 /* player.cpp */,
				6CB1824529005BE7007FF0C5 /* player.hpp */,
				6CB1824629005BE7007FF0C5 /* sprite.cpp */,
				6CB1824E29005BE8007FF0C5 /* sprite.hpp */,
				6CB1824C29005BE8007FF0C5 /* texture.cpp */,
				6CB1824729005BE7007FF0C5 /* texture.hpp */,
				6CB1824829005BE7007FF0C5 /* vector.cpp */,
				6CB1824929005BE8007FF0C5 /* vector.hpp */,
				42B1EA25281AB2DF00836A74 /* info.hpp */,
				42B1EA26281AB2DF00836A74 /* input.cpp */,
				42B1EA27281AB2DF00836A74 /* image.cpp */,
				42B1EA28281AB2DF00836A74 /* init_sdl.hpp */,
				42B1EA29281AB2DF00836A74 /* init_sdl.cpp */,
				42B1EA2A281AB2DF00836A74 /* input.hpp */,
				42B1EA2B281AB2DF00836A74 /* image.hpp */,
				42B1EA2C281AB2DF00836A74 /* preprocessor.h */,
			);
			path = src;
			sourceTree = "<group>";
		};
/* End PBXGroup section */

/* Begin PBXNativeTarget section */
		42B1EA05281AB11000836A74 /* project_week_1 */ = {
			isa = PBXNativeTarget;
			buildConfigurationList = 42B1EA0D281AB11000836A74 /* Build configuration list for PBXNativeTarget "project_week_1" */;
			buildPhases = (
				42B1EA02281AB11000836A74 /* Sources */,
				42B1EA03281AB11000836A74 /* Frameworks */,
				42B1EA04281AB11000836A74 /* CopyFiles */,
			);
			buildRules = (
			);
			dependencies = (
			);
			name = project_week_1;
			productName = project_week_1;
			productReference = 42B1EA06281AB11000836A74 /* project_week_1 */;
			productType = "com.apple.product-type.tool";
		};
/* End PBXNativeTarget section */

/* Begin PBXProject section */
		42B1E9FE281AB11000836A74 /* Project object */ = {
			isa = PBXProject;
			attributes = {
				BuildIndependentTargetsInParallel = 1;
				LastUpgradeCheck = 1330;
				TargetAttributes = {
					42B1EA05281AB11000836A74 = {
						CreatedOnToolsVersion = 13.3.1;
					};
				};
			};
			buildConfigurationList = 42B1EA01281AB11000836A74 /* Build configuration list for PBXProject "project_week_1" */;
			compatibilityVersion = "Xcode 13.0";
			developmentRegion = en;
			hasScannedForEncodings = 0;
			knownRegions = (
				en,
				Base,
			);
			mainGroup = 42B1E9FD281AB11000836A74;
			productRefGroup = 42B1EA07281AB11000836A74 /* Products */;
			projectDirPath = "";
			projectRoot = "";
			targets = (
				42B1EA05281AB11000836A74 /* project_week_1 */,
			);
		};
/* End PBXProject section */

/* Begin PBXSourcesBuildPhase section */
		42B1EA02281AB11000836A74 /* Sources */ = {
			isa = PBXSourcesBuildPhase;
			buildActionMask = 2147483647;
			files = (
				42B1EA2E281AB2DF00836A74 /* input.cpp in Sources */,
				6C89D4C7290656DA00FC1038 /* box.cpp in Sources */,
				6C89D4D5291830E500FC1038 /* save_tool.cpp in Sources */,
				42B1EA2D281AB2DF00836A74 /* main.cpp in Sources */,
				6CB1825329005BE8007FF0C5 /* player.cpp in Sources */,
				6C89D4D2290F606800FC1038 /* sound.cpp in Sources */,
				6CB1825029005BE8007FF0C5 /* vector.cpp in Sources */,
				6CB1825129005BE8007FF0C5 /* movement.cpp in Sources */,
				42B1EA2F281AB2DF00836A74 /* image.cpp in Sources */,
				6CB1825229005BE8007FF0C5 /* texture.cpp in Sources */,
				42B1EA30281AB2DF00836A74 /* init_sdl.cpp in Sources */,
				6CB1824F29005BE8007FF0C5 /* sprite.cpp in Sources */,
			);
			runOnlyForDeploymentPostprocessing = 0;
		};
/* End PBXSourcesBuildPhase section */

/* Begin XCBuildConfiguration section */
		42B1EA0B281AB11000836A74 /* Debug */ = {
			isa = XCBuildConfiguration;
			buildSettings = {
				ALWAYS_SEARCH_USER_PATHS = NO;
				CLANG_ANALYZER_NONNULL = YES;
				CLANG_ANALYZER_NUMBER_OBJECT_CONVERSION = YES_AGGRESSIVE;
				CLANG_CXX_LANGUAGE_STANDARD = "gnu++17";
				CLANG_ENABLE_MODULES = YES;
				CLANG_ENABLE_OBJC_ARC = YES;
				CLANG_ENABLE_OBJC_WEAK = YES;
				CLANG_WARN_BLOCK_CAPTURE_AUTORELEASING = YES;
				CLANG_WARN_BOOL_CONVERSION = YES;
				CLANG_WARN_COMMA = YES;
				CLANG_WARN_CONSTANT_CONVERSION = YES;
				CLANG_WARN_DEPRECATED_OBJC_IMPLEMENTATIONS = YES;
				CLANG_WARN_DIRECT_OBJC_ISA_USAGE = YES_ERROR;
				CLANG_WARN_DOCUMENTATION_COMMENTS = YES;
				CLANG_WARN_EMPTY_BODY = YES;
				CLANG_WARN_ENUM_CONVERSION = YES;
				CLANG_WARN_INFINITE_RECURSION = YES;
				CLANG_WARN_INT_CONVERSION = YES;
				CLANG_WARN_NON_LITERAL_NULL_CONVERSION = YES;
				CLANG_WARN_OBJC_IMPLICIT_RETAIN_SELF = YES;
				CLANG_WARN_OBJC_LITERAL_CONVERSION = YES;
				CLANG_WARN_OBJC_ROOT_CLASS = YES_ERROR;
				CLANG_WARN_QUOTED_INCLUDE_IN_FRAMEWORK_HEADER = YES;
				CLANG_WARN_RANGE_LOOP_ANALYSIS = YES;
				CLANG_WARN_STRICT_PROTOTYPES = YES;
				CLANG_WARN_SUSPICIOUS_MOVE = YES;
				CLANG_WARN_UNGUARDED_AVAILABILITY = YES_AGGRESSIVE;
				CLANG_WARN_UNREACHABLE_CODE = YES;
				CLANG_WARN__DUPLICATE_METHOD_MATCH = YES;
				COPY_PHASE_STRIP = NO;
				DEBUG_INFORMATION_FORMAT = dwarf;
				ENABLE_STRICT_OBJC_MSGSEND = YES;
				ENABLE_TESTABILITY = YES;
				GCC_C_LANGUAGE_STANDARD = gnu11;
				GCC_DYNAMIC_NO_PIC = NO;
				GCC_NO_COMMON_BLOCKS = YES;
				GCC_OPTIMIZATION_LEVEL = 0;
				GCC_PREPROCESSOR_DEFINITIONS = (
					"DEBUG=1",
					"$(inherited)",
				);
				GCC_WARN_64_TO_32_BIT_CONVERSION = YES;
				GCC_WARN_ABOUT_RETURN_TYPE = YES_ERROR;
				GCC_WARN_UNDECLARED_SELECTOR = YES;
				GCC_WARN_UNINITIALIZED_AUTOS = YES_AGGRESSIVE;
				GCC_WARN_UNUSED_FUNCTION = YES;
				GCC_WARN_UNUSED_VARIABLE = YES;
				MACOSX_DEPLOYMENT_TARGET = 12.3;
				MTL_ENABLE_DEBUG_INFO = INCLUDE_SOURCE;
				MTL_FAST_MATH = YES;
				ONLY_ACTIVE_ARCH = YES;
				SDKROOT = macosx;
			};
			name = Debug;
		};
		42B1EA0C281AB11000836A74 /* Release */ = {
			isa = XCBuildConfiguration;
			buildSettings = {
				ALWAYS_SEARCH_USER_PATHS = NO;
				CLANG_ANALYZER_NONNULL = YES;
				CLANG_ANALYZER_NUMBER_OBJECT_CONVERSION = YES_AGGRESSIVE;
				CLANG_CXX_LANGUAGE_STANDARD = "gnu++17";
				CLANG_ENABLE_MODULES = YES;
				CLANG_ENABLE_OBJC_ARC = YES;
				CLANG_ENABLE_OBJC_WEAK = YES;
				CLANG_WARN_BLOCK_CAPTURE_AUTORELEASING = YES;
				CLANG_WARN_BOOL_CONVERSION = YES;
				CLANG_WARN_COMMA = YES;
				CLANG_WARN_CONSTANT_CONVERSION = YES;
				CLANG_WARN_DEPRECATED_OBJC_IMPLEMENTATIONS = YES;
				CLANG_WARN_DIRECT_OBJC_ISA_USAGE = YES_ERROR;
				CLANG_WARN_DOCUMENTATION_COMMENTS = YES;
				CLANG_WARN_EMPTY_BODY = YES;
				CLANG_WARN_ENUM_CONVERSION = YES;
				CLANG_WARN_INFINITE_RECURSION = YES;
				CLANG_WARN_INT_CONVERSION = YES;
				CLANG_WARN_NON_LITERAL_NULL_CONVERSION = YES;
				CLANG_WARN_OBJC_IMPLICIT_RETAIN_SELF = YES;
				CLANG_WARN_OBJC_LITERAL_CONVERSION = YES;
				CLANG_WARN_OBJC_ROOT_CLASS = YES_ERROR;
				CLANG_WARN_QUOTED_INCLUDE_IN_FRAMEWORK_HEADER = YES;
				CLANG_WARN_RANGE_LOOP_ANALYSIS = YES;
				CLANG_WARN_STRICT_PROTOTYPES = YES;
				CLANG_WARN_SUSPICIOUS_MOVE = YES;
				CLANG_WARN_UNGUARDED_AVAILABILITY = YES_AGGRESSIVE;
				CLANG_WARN_UNREACHABLE_CODE = YES;
				CLANG_WARN__DUPLICATE_METHOD_MATCH = YES;
				COPY_PHASE_STRIP = NO;
				DEBUG_INFORMATION_FORMAT = "dwarf-with-dsym";
				ENABLE_NS_ASSERTIONS = NO;
				ENABLE_STRICT_OBJC_MSGSEND = YES;
				GCC_C_LANGUAGE_STANDARD = gnu11;
				GCC_NO_COMMON_BLOCKS = YES;
				GCC_WARN_64_TO_32_BIT_CONVERSION = YES;
				GCC_WARN_ABOUT_RETURN_TYPE = YES_ERROR;
				GCC_WARN_UNDECLARED_SELECTOR = YES;
				GCC_WARN_UNINITIALIZED_AUTOS = YES_AGGRESSIVE;
				GCC_WARN_UNUSED_FUNCTION = YES;
				GCC_WARN_UNUSED_VARIABLE = YES;
				MACOSX_DEPLOYMENT_TARGET = 12.3;
				MTL_ENABLE_DEBUG_INFO = NO;
				MTL_FAST_MATH = YES;
				SDKROOT = macosx;
			};
			name = Release;
		};
		42B1EA0E281AB11000836A74 /* Debug */ = {
			isa = XCBuildConfiguration;
			buildSettings = {
				CODE_SIGN_STYLE = Automatic;
				GCC_PREPROCESSOR_DEFINITIONS = "RESOURCE_DIR=$(PROJECT_DIR)/resources/";
				HEADER_SEARCH_PATHS = (
					"$(PROJECT_DIR)",
					/usr/local/include,
				);
				LIBRARY_SEARCH_PATHS = /usr/local/lib;
				PRODUCT_NAME = "$(TARGET_NAME)";
			};
			name = Debug;
		};
		42B1EA0F281AB11000836A74 /* Release */ = {
			isa = XCBuildConfiguration;
			buildSettings = {
				CODE_SIGN_STYLE = Automatic;
				GCC_PREPROCESSOR_DEFINITIONS = "RESOURCE_DIR=$(PROJECT_DIR)/resources/";
				HEADER_SEARCH_PATHS = (
					"$(PROJECT_DIR)",
					/usr/local/include,
				);
				LIBRARY_SEARCH_PATHS = /usr/local/lib;
				PRODUCT_NAME = "$(TARGET_NAME)";
			};
			name = Release;
		};
/* End XCBuildConfiguration section */

/* Begin XCConfigurationList section */
		42B1EA01281AB11000836A74 /* Build configuration list for PBXProject "project_week_1" */ = {
			isa = XCConfigurationList;
			buildConfigurations = (
				42B1EA0B281AB11000836A74 /* Debug */,
				42B1EA0C281AB11000836A74 /* Release */,
			);
			defaultConfigurationIsVisible = 0;
			defaultConfigurationName = Release;
		};
		42B1EA0D281AB11000836A74 /* Build configuration list for PBXNativeTarget "project_week_1" */ = {
			isa = XCConfigurationList;
			buildConfigurations = (
				42B1EA0E281AB11000836A74 /* Debug */,
				42B1EA0F281AB11000836A74 /* Release */,
			);
			defaultConfigurationIsVisible = 0;
			defaultConfigurationName = Release;
		};
/* End XCConfigurationList section */
	};
	rootObject = 42B1E9FE281AB11000836A74 /* Project object */;
}
